<?xml version="1.0" encoding="utf-8"?>
<Project ToolsVersion="4.0" xmlns="http://schemas.microsoft.com/developer/msbuild/2003">
  <ItemGroup>
    <ApplicationDefinition Include="App.xaml" />
  </ItemGroup>
  <ItemGroup>
    <Page Include="MainWindow.xaml" />
  </ItemGroup>
  <ItemGroup>
    <Midl Include="App.idl" />
    <Midl Include="MainWindow.idl" />
  </ItemGroup>
  <ItemGroup>
    <ClCompile Include="pch.cpp" />
    <ClCompile Include="$(GeneratedFilesDir)module.g.cpp" />
  </ItemGroup>
  <ItemGroup>
    <ClInclude Include="pch.h" />
  </ItemGroup>
  <ItemGroup>
    <Image Include="Assets\test.HEIC">
      <Filter>TestImages</Filter>
    </Image>
    <Image Include="Assets\! (10) - Copy.HEIC">
      <Filter>TestImages</Filter>
    </Image>
    <Image Include="Assets\! (10).HEIC">
      <Filter>TestImages</Filter>
    </Image>
    <Image Include="Assets\! (11) - Copy - Copy - Copy.HEIC">
      <Filter>TestImages</Filter>
    </Image>
    <Image Include="Assets\! (11) - Copy - Copy.HEIC">
      <Filter>TestImages</Filter>
    </Image>
    <Image Include="Assets\! (11) - Copy.HEIC">
      <Filter>TestImages</Filter>
    </Image>
    <Image Include="Assets\! (12) - Copy - Copy - Copy.HEIC">
      <Filter>TestImages</Filter>
    </Image>
    <Image Include="Assets\! (12) - Copy - Copy.HEIC">
      <Filter>TestImages</Filter>
    </Image>
    <Image Include="Assets\! (12) - Copy.HEIC">
      <Filter>TestImages</Filter>
    </Image>
    <Image Include="Assets\! (14) - Copy - Copy - Copy.HEIC">
      <Filter>TestImages</Filter>
    </Image>
    <Image Include="Assets\! (14) - Copy - Copy.HEIC">
      <Filter>TestImages</Filter>
    </Image>
    <Image Include="Assets\! (14) - Copy.HEIC">
      <Filter>TestImages</Filter>
    </Image>
    <Image Include="Assets\! (15) - Copy - Copy - Copy.HEIC">
      <Filter>TestImages</Filter>
    </Image>
    <Image Include="Assets\! (15) - Copy - Copy.HEIC">
      <Filter>TestImages</Filter>
    </Image>
    <Image Include="Assets\! (15) - Copy.HEIC">
      <Filter>TestImages</Filter>
    </Image>
    <Image Include="Assets\! (16) - Copy - Copy - Copy.HEIC">
      <Filter>TestImages</Filter>
    </Image>
    <Image Include="Assets\! (16) - Copy - Copy.HEIC">
      <Filter>TestImages</Filter>
    </Image>
    <Image Include="Assets\! (16) - Copy.HEIC">
      <Filter>TestImages</Filter>
    </Image>
    <Image Include="Assets\! (17) - Copy - Copy - Copy.HEIC">
      <Filter>TestImages</Filter>
    </Image>
    <Image Include="Assets\! (17) - Copy - Copy.HEIC">
      <Filter>TestImages</Filter>
    </Image>
    <Image Include="Assets\! (17) - Copy.HEIC">
      <Filter>TestImages</Filter>
    </Image>
    <Image Include="Assets\! (18) - Copy - Copy - Copy.HEIC">
      <Filter>TestImages</Filter>
    </Image>
    <Image Include="Assets\! (18) - Copy - Copy.HEIC">
      <Filter>TestImages</Filter>
    </Image>
    <Image Include="Assets\! (18) - Copy.HEIC">
      <Filter>TestImages</Filter>
    </Image>
    <Image Include="Assets\! (19) - Copy - Copy - Copy.HEIC">
      <Filter>TestImages</Filter>
    </Image>
    <Image Include="Assets\! (19) - Copy - Copy.HEIC">
      <Filter>TestImages</Filter>
    </Image>
    <Image Include="Assets\! (19) - Copy.HEIC">
      <Filter>TestImages</Filter>
    </Image>
    <Image Include="Assets\! (20) - Copy - Copy - Copy.HEIC">
      <Filter>TestImages</Filter>
    </Image>
    <Image Include="Assets\! (20) - Copy - Copy.HEIC">
      <Filter>TestImages</Filter>
    </Image>
    <Image Include="Assets\! (20) - Copy.HEIC">
      <Filter>TestImages</Filter>
    </Image>
    <Image Include="Assets\! (21) - Copy - Copy - Copy.HEIC">
      <Filter>TestImages</Filter>
    </Image>
    <Image Include="Assets\! (21) - Copy - Copy.HEIC">
      <Filter>TestImages</Filter>
    </Image>
    <Image Include="Assets\! (21) - Copy.HEIC">
      <Filter>TestImages</Filter>
    </Image>
  </ItemGroup>
  <ItemGroup>
    <Filter Include="TestImages">
      <UniqueIdentifier>{1e71ff5a-eba0-4050-ab4e-0cbde9c63699}</UniqueIdentifier>
    </Filter>
    <Filter Include="Assets">
      <UniqueIdentifier>{de0f257a-1bc4-4258-86db-22debc4a388a}</UniqueIdentifier>
    </Filter>
  </ItemGroup>
  <ItemGroup>
    <Text Include="readme.txt" />
  </ItemGroup>
  <ItemGroup>
    <Manifest Include="app.manifest" />
  </ItemGroup>
  <ItemGroup>
    <AppxManifest Include="Package.appxmanifest" />
  </ItemGroup>
  <ItemGroup>
    <None Include="packages.config" />
  </ItemGroup>
  <ItemGroup>
    <Natvis Include="$(MSBuildThisFileDirectory)..\..\natvis\wil.natvis" />
  </ItemGroup>
</Project>