<?xml version="1.0" encoding="utf-8"?>
<Project ToolsVersion="4.0" xmlns="http://schemas.microsoft.com/developer/msbuild/2003">
  <ItemGroup>
    <ApplicationDefinition Include="App.xaml" />
  </ItemGroup>
  <ItemGroup>
    <Page Include="MainWindow.xaml" />
  </ItemGroup>
  <ItemGroup>
    <Midl Include="App.idl" />
    <Midl Include="MainWindow.idl" />
  </ItemGroup>
  <ItemGroup>
    <ClCompile Include="pch.cpp" />
    <ClCompile Include="$(GeneratedFilesDir)module.g.cpp" />
  </ItemGroup>
  <ItemGroup>
    <ClInclude Include="pch.h" />
  </ItemGroup>
  <ItemGroup>
    <Image Include="Assets\LockScreenLogo.scale-200.png">
      <Filter>Assets</Filter>
    </Image>
    <Image Include="Assets\SplashScreen.scale-200.png">
      <Filter>Assets</Filter>
    </Image>
    <Image Include="Assets\Square44x44Logo.scale-200.png">
      <Filter>Assets</Filter>
    </Image>
    <Image Include="Assets\Square44x44Logo.targetsize-24_altform-unplated.png">
      <Filter>Assets</Filter>
    </Image>
    <Image Include="Assets\Square150x150Logo.scale-200.png">
      <Filter>Assets</Filter>
    </Image>
    <Image Include="Assets\StoreLogo.png">
      <Filter>Assets</Filter>
    </Image>
    <Image Include="Assets\Wide310x150Logo.scale-200.png">
      <Filter>Assets</Filter>
    </Image>
    <Image Include="TestNonHeics\!!!1 - Copy.jpg">
      <Filter>TestNonHeics</Filter>
    </Image>
    <Image Include="TestNonHeics\!!!1.jpg">
      <Filter>TestNonHeics</Filter>
    </Image>
    <Image Include="TestNonHeics\.jpeg">
      <Filter>TestNonHeics</Filter>
    </Image>
    <Image Include="TestNonHeics\.jpg">
      <Filter>TestNonHeics</Filter>
    </Image>
    <Image Include="TestNonHeics\4kix - Copy (2).jpeg">
      <Filter>TestNonHeics</Filter>
    </Image>
    <Image Include="TestNonHeics\4kix - Copy (2).jpg">
      <Filter>TestNonHeics</Filter>
    </Image>
    <Image Include="TestNonHeics\4kix - Copy (3).jpg">
      <Filter>TestNonHeics</Filter>
    </Image>
    <Image Include="TestNonHeics\4kix - Copy.jpeg">
      <Filter>TestNonHeics</Filter>
    </Image>
    <Image Include="TestNonHeics\4kix - Copy.jpg">
      <Filter>TestNonHeics</Filter>
    </Image>
    <Image Include="TestNonHeics\4kix.jpeg">
      <Filter>TestNonHeics</Filter>
    </Image>
    <Image Include="TestNonHeics\4kix.jpg">
      <Filter>TestNonHeics</Filter>
    </Image>
    <Image Include="TestNonHeics\8kdawddddx - Copy - Copy - Copy.jpg">
      <Filter>TestNonHeics</Filter>
    </Image>
    <Image Include="TestNonHeics\8kdawddddx - Copy - Copy (2).jpg">
      <Filter>TestNonHeics</Filter>
    </Image>
    <Image Include="TestNonHeics\8kdawddddx - Copy - Copy.jpg">
      <Filter>TestNonHeics</Filter>
    </Image>
    <Image Include="TestNonHeics\8kdawddddx - Copy (2) - Copy.jpg">
      <Filter>TestNonHeics</Filter>
    </Image>
    <Image Include="TestNonHeics\8kdawddddx - Copy (2).jpg">
      <Filter>TestNonHeics</Filter>
    </Image>
    <Image Include="TestNonHeics\8kdawddddx - Copy (3).jpg">
      <Filter>TestNonHeics</Filter>
    </Image>
    <Image Include="TestNonHeics\8kdawddddx - Copy.jpg">
      <Filter>TestNonHeics</Filter>
    </Image>
    <Image Include="TestNonHeics\8kdawddddx.jpg">
      <Filter>TestNonHeics</Filter>
    </Image>
    <Image Include="TestNonHeics\015a3f388b5984860913a5578f0a344a9d9dd2e0_hans-thumb1 - Copy - Copy - Copy.jpg">
      <Filter>TestNonHeics</Filter>
    </Image>
    <Image Include="TestNonHeics\015a3f388b5984860913a5578f0a344a9d9dd2e0_hans-thumb1 - Copy - Copy (2).jpg">
      <Filter>TestNonHeics</Filter>
    </Image>
    <Image Include="TestNonHeics\015a3f388b5984860913a5578f0a344a9d9dd2e0_hans-thumb1 - Copy - Copy.jpg">
      <Filter>TestNonHeics</Filter>
    </Image>
    <Image Include="TestNonHeics\015a3f388b5984860913a5578f0a344a9d9dd2e0_hans-thumb1 - Copy (2) - Copy.jpg">
      <Filter>TestNonHeics</Filter>
    </Image>
    <Image Include="TestNonHeics\015a3f388b5984860913a5578f0a344a9d9dd2e0_hans-thumb1 - Copy (2).jpg">
      <Filter>TestNonHeics</Filter>
    </Image>
    <Image Include="TestNonHeics\015a3f388b5984860913a5578f0a344a9d9dd2e0_hans-thumb1 - Copy (3).jpg">
      <Filter>TestNonHeics</Filter>
    </Image>
    <Image Include="TestNonHeics\015a3f388b5984860913a5578f0a344a9d9dd2e0_hans-thumb1 - Copy.jpg">
      <Filter>TestNonHeics</Filter>
    </Image>
    <Image Include="TestNonHeics\015a3f388b5984860913a5578f0a344a9d9dd2e0_hans-thumb1.jpg">
      <Filter>TestNonHeics</Filter>
    </Image>
    <Image Include="TestNonHeics\A83AF415EBC2455CAB1E69CA575F3E2B - Copy - Copy - Copy.jpeg">
      <Filter>TestNonHeics</Filter>
    </Image>
    <Image Include="TestNonHeics\A83AF415EBC2455CAB1E69CA575F3E2B - Copy - Copy (2).jpeg">
      <Filter>TestNonHeics</Filter>
    </Image>
    <Image Include="TestNonHeics\A83AF415EBC2455CAB1E69CA575F3E2B - Copy - Copy.jpeg">
      <Filter>TestNonHeics</Filter>
    </Image>
    <Image Include="TestNonHeics\A83AF415EBC2455CAB1E69CA575F3E2B - Copy (2) - Copy.jpeg">
      <Filter>TestNonHeics</Filter>
    </Image>
    <Image Include="TestNonHeics\A83AF415EBC2455CAB1E69CA575F3E2B - Copy (2).jpeg">
      <Filter>TestNonHeics</Filter>
    </Image>
    <Image Include="TestNonHeics\A83AF415EBC2455CAB1E69CA575F3E2B - Copy (3).jpeg">
      <Filter>TestNonHeics</Filter>
    </Image>
    <Image Include="TestNonHeics\A83AF415EBC2455CAB1E69CA575F3E2B - Copy.jpeg">
      <Filter>TestNonHeics</Filter>
    </Image>
    <Image Include="TestNonHeics\A83AF415EBC2455CAB1E69CA575F3E2B.jpeg">
      <Filter>TestNonHeics</Filter>
    </Image>
    <Image Include="TestNonHeics\abc - Copy - Copy.gif">
      <Filter>TestNonHeics</Filter>
    </Image>
    <Image Include="TestNonHeics\abc - Copy (2).gif">
      <Filter>TestNonHeics</Filter>
    </Image>
    <Image Include="TestNonHeics\abc - Copy.gif">
      <Filter>TestNonHeics</Filter>
    </Image>
    <Image Include="TestNonHeics\abc.gif">
      <Filter>TestNonHeics</Filter>
    </Image>
    <Image Include="TestNonHeics\avc - Copy - Copy.gif">
      <Filter>TestNonHeics</Filter>
    </Image>
    <Image Include="TestNonHeics\avc - Copy (2).gif">
      <Filter>TestNonHeics</Filter>
    </Image>
    <Image Include="TestNonHeics\avc - Copy.gif">
      <Filter>TestNonHeics</Filter>
    </Image>
    <Image Include="TestNonHeics\avc.gif">
      <Filter>TestNonHeics</Filter>
    </Image>
    <Image Include="TestNonHeics\canon-eos-m50-sample-images-04 - Copy - Copy - Copy.jpeg">
      <Filter>TestNonHeics</Filter>
    </Image>
    <Image Include="TestNonHeics\canon-eos-m50-sample-images-04 - Copy - Copy (2).jpeg">
      <Filter>TestNonHeics</Filter>
    </Image>
    <Image Include="TestNonHeics\canon-eos-m50-sample-images-04 - Copy - Copy.jpeg">
      <Filter>TestNonHeics</Filter>
    </Image>
    <Image Include="TestNonHeics\canon-eos-m50-sample-images-04 - Copy (2) - Copy.jpeg">
      <Filter>TestNonHeics</Filter>
    </Image>
    <Image Include="TestNonHeics\canon-eos-m50-sample-images-04 - Copy (2).jpeg">
      <Filter>TestNonHeics</Filter>
    </Image>
    <Image Include="TestNonHeics\canon-eos-m50-sample-images-04 - Copy (3).jpeg">
      <Filter>TestNonHeics</Filter>
    </Image>
    <Image Include="TestNonHeics\canon-eos-m50-sample-images-04 - Copy.jpeg">
      <Filter>TestNonHeics</Filter>
    </Image>
    <Image Include="TestNonHeics\canon-eos-m50-sample-images-04.jpeg">
      <Filter>TestNonHeics</Filter>
    </Image>
    <Image Include="TestNonHeics\Donkey-PNG-Image - Copy - Copy - Copy - Copy.jpeg">
      <Filter>TestNonHeics</Filter>
    </Image>
    <Image Include="TestNonHeics\Donkey-PNG-Image - Copy - Copy - Copy (2) - Copy.jpeg">
      <Filter>TestNonHeics</Filter>
    </Image>
    <Image Include="TestNonHeics\Donkey-PNG-Image - Copy - Copy - Copy (2).jpeg">
      <Filter>TestNonHeics</Filter>
    </Image>
    <Image Include="TestNonHeics\Donkey-PNG-Image - Copy - Copy - Copy (3).jpeg">
      <Filter>TestNonHeics</Filter>
    </Image>
    <Image Include="TestNonHeics\Donkey-PNG-Image - Copy - Copy - Copy.jpeg">
      <Filter>TestNonHeics</Filter>
    </Image>
    <Image Include="TestNonHeics\Donkey-PNG-Image - Copy - Copy (2) - Copy.jpeg">
      <Filter>TestNonHeics</Filter>
    </Image>
    <Image Include="TestNonHeics\Donkey-PNG-Image - Copy - Copy (2).jpeg">
      <Filter>TestNonHeics</Filter>
    </Image>
    <Image Include="TestNonHeics\Donkey-PNG-Image - Copy - Copy (3).jpeg">
      <Filter>TestNonHeics</Filter>
    </Image>
    <Image Include="TestNonHeics\Donkey-PNG-Image - Copy - Copy.jpeg">
      <Filter>TestNonHeics</Filter>
    </Image>
    <Image Include="TestNonHeics\Donkey-PNG-Image - Copy (2) - Copy - Copy - Copy.jpeg">
      <Filter>TestNonHeics</Filter>
    </Image>
    <Image Include="TestNonHeics\Donkey-PNG-Image - Copy (2) - Copy - Copy.jpeg">
      <Filter>TestNonHeics</Filter>
    </Image>
    <Image Include="TestNonHeics\Donkey-PNG-Image - Copy (2) - Copy.jpeg">
      <Filter>TestNonHeics</Filter>
    </Image>
    <Image Include="TestNonHeics\Donkey-PNG-Image - Copy (2).jpeg">
      <Filter>TestNonHeics</Filter>
    </Image>
    <Image Include="TestNonHeics\Donkey-PNG-Image - Copy (3) - Copy - Copy.jpeg">
      <Filter>TestNonHeics</Filter>
    </Image>
    <Image Include="TestNonHeics\Donkey-PNG-Image - Copy (3) - Copy.jpeg">
      <Filter>TestNonHeics</Filter>
    </Image>
    <Image Include="TestNonHeics\Donkey-PNG-Image - Copy (3).jpeg">
      <Filter>TestNonHeics</Filter>
    </Image>
    <Image Include="TestNonHeics\Donkey-PNG-Image - Copy (4) - Copy - Copy.jpeg">
      <Filter>TestNonHeics</Filter>
    </Image>
    <Image Include="TestNonHeics\Donkey-PNG-Image - Copy (4) - Copy.jpeg">
      <Filter>TestNonHeics</Filter>
    </Image>
    <Image Include="TestNonHeics\Donkey-PNG-Image - Copy (4).jpeg">
      <Filter>TestNonHeics</Filter>
    </Image>
    <Image Include="TestNonHeics\Donkey-PNG-Image - Copy (5) - Copy.jpeg">
      <Filter>TestNonHeics</Filter>
    </Image>
    <Image Include="TestNonHeics\Donkey-PNG-Image - Copy.jpeg">
      <Filter>TestNonHeics</Filter>
    </Image>
    <Image Include="TestNonHeics\Donkey-PNG-Image.jpeg">
      <Filter>TestNonHeics</Filter>
    </Image>
    <Image Include="TestHeics\! (10) - Copy.HEIC">
      <Filter>TestHeics</Filter>
    </Image>
    <Image Include="TestHeics\! (10).HEIC">
      <Filter>TestHeics</Filter>
    </Image>
    <Image Include="TestHeics\! (11) - Copy - Copy - Copy.HEIC">
      <Filter>TestHeics</Filter>
    </Image>
    <Image Include="TestHeics\! (11) - Copy - Copy.HEIC">
      <Filter>TestHeics</Filter>
    </Image>
    <Image Include="TestHeics\! (11) - Copy.HEIC">
      <Filter>TestHeics</Filter>
    </Image>
    <Image Include="TestHeics\! (12) - Copy - Copy - Copy.HEIC">
      <Filter>TestHeics</Filter>
    </Image>
    <Image Include="TestHeics\! (12) - Copy - Copy.HEIC">
      <Filter>TestHeics</Filter>
    </Image>
    <Image Include="TestHeics\! (12) - Copy.HEIC">
      <Filter>TestHeics</Filter>
    </Image>
    <Image Include="TestHeics\! (14) - Copy - Copy - Copy.HEIC">
      <Filter>TestHeics</Filter>
    </Image>
    <Image Include="TestHeics\! (14) - Copy - Copy.HEIC">
      <Filter>TestHeics</Filter>
    </Image>
    <Image Include="TestHeics\! (14) - Copy.HEIC">
      <Filter>TestHeics</Filter>
    </Image>
    <Image Include="TestHeics\! (15) - Copy - Copy - Copy.HEIC">
      <Filter>TestHeics</Filter>
    </Image>
    <Image Include="TestHeics\! (15) - Copy - Copy.HEIC">
      <Filter>TestHeics</Filter>
    </Image>
    <Image Include="TestHeics\! (15) - Copy.HEIC">
      <Filter>TestHeics</Filter>
    </Image>
    <Image Include="TestHeics\! (16) - Copy - Copy - Copy.HEIC">
      <Filter>TestHeics</Filter>
    </Image>
    <Image Include="TestHeics\! (16) - Copy - Copy.HEIC">
      <Filter>TestHeics</Filter>
    </Image>
    <Image Include="TestHeics\! (16) - Copy.HEIC">
      <Filter>TestHeics</Filter>
    </Image>
    <Image Include="TestHeics\! (17) - Copy - Copy - Copy.HEIC">
      <Filter>TestHeics</Filter>
    </Image>
    <Image Include="TestHeics\! (17) - Copy - Copy.HEIC">
      <Filter>TestHeics</Filter>
    </Image>
    <Image Include="TestHeics\! (17) - Copy.HEIC">
      <Filter>TestHeics</Filter>
    </Image>
    <Image Include="TestHeics\! (18) - Copy - Copy - Copy.HEIC">
      <Filter>TestHeics</Filter>
    </Image>
    <Image Include="TestHeics\! (18) - Copy - Copy.HEIC">
      <Filter>TestHeics</Filter>
    </Image>
    <Image Include="TestHeics\! (18) - Copy.HEIC">
      <Filter>TestHeics</Filter>
    </Image>
    <Image Include="TestHeics\! (19) - Copy - Copy - Copy.HEIC">
      <Filter>TestHeics</Filter>
    </Image>
    <Image Include="TestHeics\! (19) - Copy - Copy.HEIC">
      <Filter>TestHeics</Filter>
    </Image>
    <Image Include="TestHeics\! (19) - Copy.HEIC">
      <Filter>TestHeics</Filter>
    </Image>
    <Image Include="TestHeics\! (20) - Copy - Copy - Copy.HEIC">
      <Filter>TestHeics</Filter>
    </Image>
    <Image Include="TestHeics\! (20) - Copy - Copy.HEIC">
      <Filter>TestHeics</Filter>
    </Image>
    <Image Include="TestHeics\! (20) - Copy.HEIC">
      <Filter>TestHeics</Filter>
    </Image>
    <Image Include="TestHeics\! (21) - Copy - Copy - Copy.HEIC">
      <Filter>TestHeics</Filter>
    </Image>
    <Image Include="TestHeics\! (21) - Copy - Copy.HEIC">
      <Filter>TestHeics</Filter>
    </Image>
    <Image Include="TestHeics\! (21) - Copy.HEIC">
      <Filter>TestHeics</Filter>
    </Image>
    <Image Include="TestHeics\test.HEIC">
      <Filter>TestHeics</Filter>
    </Image>
    <Image Include="TestAvifs\Chimera-AV1-10bit-1280x720-2380kbps-100 - Copy - Copy - Copy - Copy.avif">
      <Filter>TestAvifs</Filter>
    </Image>
    <Image Include="TestAvifs\Chimera-AV1-10bit-1280x720-2380kbps-100 - Copy - Copy - Copy (2) - Copy.avif">
      <Filter>TestAvifs</Filter>
    </Image>
    <Image Include="TestAvifs\Chimera-AV1-10bit-1280x720-2380kbps-100 - Copy - Copy - Copy (2).avif">
      <Filter>TestAvifs</Filter>
    </Image>
    <Image Include="TestAvifs\Chimera-AV1-10bit-1280x720-2380kbps-100 - Copy - Copy - Copy (3) - Copy.avif">
      <Filter>TestAvifs</Filter>
    </Image>
    <Image Include="TestAvifs\Chimera-AV1-10bit-1280x720-2380kbps-100 - Copy - Copy - Copy (3).avif">
      <Filter>TestAvifs</Filter>
    </Image>
    <Image Include="TestAvifs\Chimera-AV1-10bit-1280x720-2380kbps-100 - Copy - Copy - Copy (4) - Copy.avif">
      <Filter>TestAvifs</Filter>
    </Image>
    <Image Include="TestAvifs\Chimera-AV1-10bit-1280x720-2380kbps-100 - Copy - Copy - Copy (4).avif">
      <Filter>TestAvifs</Filter>
    </Image>
    <Image Include="TestAvifs\Chimera-AV1-10bit-1280x720-2380kbps-100 - Copy - Copy - Copy (5).avif">
      <Filter>TestAvifs</Filter>
    </Image>
    <Image Include="TestAvifs\Chimera-AV1-10bit-1280x720-2380kbps-100 - Copy - Copy - Copy.avif">
      <Filter>TestAvifs</Filter>
    </Image>
    <Image Include="TestAvifs\Chimera-AV1-10bit-1280x720-2380kbps-100 - Copy - Copy (2) - Copy.avif">
      <Filter>TestAvifs</Filter>
    </Image>
    <Image Include="TestAvifs\Chimera-AV1-10bit-1280x720-2380kbps-100 - Copy - Copy (2).avif">
      <Filter>TestAvifs</Filter>
    </Image>
    <Image Include="TestAvifs\Chimera-AV1-10bit-1280x720-2380kbps-100 - Copy - Copy (3) - Copy.avif">
      <Filter>TestAvifs</Filter>
    </Image>
    <Image Include="TestAvifs\Chimera-AV1-10bit-1280x720-2380kbps-100 - Copy - Copy (3).avif">
      <Filter>TestAvifs</Filter>
    </Image>
    <Image Include="TestAvifs\Chimera-AV1-10bit-1280x720-2380kbps-100 - Copy - Copy (4) - Copy.avif">
      <Filter>TestAvifs</Filter>
    </Image>
    <Image Include="TestAvifs\Chimera-AV1-10bit-1280x720-2380kbps-100 - Copy - Copy (4).avif">
      <Filter>TestAvifs</Filter>
    </Image>
    <Image Include="TestAvifs\Chimera-AV1-10bit-1280x720-2380kbps-100 - Copy - Copy (5) - Copy.avif">
      <Filter>TestAvifs</Filter>
    </Image>
    <Image Include="TestAvifs\Chimera-AV1-10bit-1280x720-2380kbps-100 - Copy - Copy (5).avif">
      <Filter>TestAvifs</Filter>
    </Image>
    <Image Include="TestAvifs\Chimera-AV1-10bit-1280x720-2380kbps-100 - Copy - Copy (6).avif">
      <Filter>TestAvifs</Filter>
    </Image>
    <Image Include="TestAvifs\Chimera-AV1-10bit-1280x720-2380kbps-100 - Copy - Copy.avif">
      <Filter>TestAvifs</Filter>
    </Image>
    <Image Include="TestAvifs\Chimera-AV1-10bit-1280x720-2380kbps-100 - Copy (2) - Copy - Copy - Copy.avif">
      <Filter>TestAvifs</Filter>
    </Image>
    <Image Include="TestAvifs\Chimera-AV1-10bit-1280x720-2380kbps-100 - Copy (2) - Copy - Copy.avif">
      <Filter>TestAvifs</Filter>
    </Image>
    <Image Include="TestAvifs\Chimera-AV1-10bit-1280x720-2380kbps-100 - Copy (2) - Copy.avif">
      <Filter>TestAvifs</Filter>
    </Image>
    <Image Include="TestAvifs\Chimera-AV1-10bit-1280x720-2380kbps-100 - Copy (2).avif">
      <Filter>TestAvifs</Filter>
    </Image>
    <Image Include="TestAvifs\Chimera-AV1-10bit-1280x720-2380kbps-100 - Copy (3) - Copy - Copy - Copy.avif">
      <Filter>TestAvifs</Filter>
    </Image>
    <Image Include="TestAvifs\Chimera-AV1-10bit-1280x720-2380kbps-100 - Copy (3) - Copy - Copy.avif">
      <Filter>TestAvifs</Filter>
    </Image>
    <Image Include="TestAvifs\Chimera-AV1-10bit-1280x720-2380kbps-100 - Copy (3) - Copy.avif">
      <Filter>TestAvifs</Filter>
    </Image>
    <Image Include="TestAvifs\Chimera-AV1-10bit-1280x720-2380kbps-100 - Copy (3).avif">
      <Filter>TestAvifs</Filter>
    </Image>
    <Image Include="TestAvifs\Chimera-AV1-10bit-1280x720-2380kbps-100 - Copy (4) - Copy - Copy - Copy.avif">
      <Filter>TestAvifs</Filter>
    </Image>
    <Image Include="TestAvifs\Chimera-AV1-10bit-1280x720-2380kbps-100 - Copy (4) - Copy - Copy.avif">
      <Filter>TestAvifs</Filter>
    </Image>
    <Image Include="TestAvifs\Chimera-AV1-10bit-1280x720-2380kbps-100 - Copy (4) - Copy.avif">
      <Filter>TestAvifs</Filter>
    </Image>
    <Image Include="TestAvifs\Chimera-AV1-10bit-1280x720-2380kbps-100 - Copy (4).avif">
      <Filter>TestAvifs</Filter>
    </Image>
    <Image Include="TestAvifs\Chimera-AV1-10bit-1280x720-2380kbps-100 - Copy (5) - Copy - Copy - Copy.avif">
      <Filter>TestAvifs</Filter>
    </Image>
    <Image Include="TestAvifs\Chimera-AV1-10bit-1280x720-2380kbps-100 - Copy (5) - Copy - Copy.avif">
      <Filter>TestAvifs</Filter>
    </Image>
    <Image Include="TestAvifs\Chimera-AV1-10bit-1280x720-2380kbps-100 - Copy (5) - Copy.avif">
      <Filter>TestAvifs</Filter>
    </Image>
    <Image Include="TestAvifs\Chimera-AV1-10bit-1280x720-2380kbps-100 - Copy (5).avif">
      <Filter>TestAvifs</Filter>
    </Image>
    <Image Include="TestAvifs\Chimera-AV1-10bit-1280x720-2380kbps-100 - Copy (6) - Copy - Copy - Copy.avif">
      <Filter>TestAvifs</Filter>
    </Image>
    <Image Include="TestAvifs\Chimera-AV1-10bit-1280x720-2380kbps-100 - Copy (6) - Copy - Copy.avif">
      <Filter>TestAvifs</Filter>
    </Image>
    <Image Include="TestAvifs\Chimera-AV1-10bit-1280x720-2380kbps-100 - Copy (6) - Copy.avif">
      <Filter>TestAvifs</Filter>
    </Image>
    <Image Include="TestAvifs\Chimera-AV1-10bit-1280x720-2380kbps-100 - Copy (6).avif">
      <Filter>TestAvifs</Filter>
    </Image>
    <Image Include="TestAvifs\Chimera-AV1-10bit-1280x720-2380kbps-100 - Copy (7) - Copy - Copy - Copy.avif">
      <Filter>TestAvifs</Filter>
    </Image>
    <Image Include="TestAvifs\Chimera-AV1-10bit-1280x720-2380kbps-100 - Copy (7) - Copy - Copy.avif">
      <Filter>TestAvifs</Filter>
    </Image>
    <Image Include="TestAvifs\Chimera-AV1-10bit-1280x720-2380kbps-100 - Copy (7) - Copy.avif">
      <Filter>TestAvifs</Filter>
    </Image>
    <Image Include="TestAvifs\Chimera-AV1-10bit-1280x720-2380kbps-100 - Copy (7).avif">
      <Filter>TestAvifs</Filter>
    </Image>
    <Image Include="TestAvifs\Chimera-AV1-10bit-1280x720-2380kbps-100 - Copy (8) - Copy - Copy - Copy.avif">
      <Filter>TestAvifs</Filter>
    </Image>
    <Image Include="TestAvifs\Chimera-AV1-10bit-1280x720-2380kbps-100 - Copy (8) - Copy - Copy.avif">
      <Filter>TestAvifs</Filter>
    </Image>
    <Image Include="TestAvifs\Chimera-AV1-10bit-1280x720-2380kbps-100 - Copy (8) - Copy.avif">
      <Filter>TestAvifs</Filter>
    </Image>
    <Image Include="TestAvifs\Chimera-AV1-10bit-1280x720-2380kbps-100 - Copy (8).avif">
      <Filter>TestAvifs</Filter>
    </Image>
    <Image Include="TestAvifs\Chimera-AV1-10bit-1280x720-2380kbps-100 - Copy (9) - Copy - Copy - Copy.avif">
      <Filter>TestAvifs</Filter>
    </Image>
    <Image Include="TestAvifs\Chimera-AV1-10bit-1280x720-2380kbps-100 - Copy (9) - Copy - Copy.avif">
      <Filter>TestAvifs</Filter>
    </Image>
    <Image Include="TestAvifs\Chimera-AV1-10bit-1280x720-2380kbps-100 - Copy (9) - Copy.avif">
      <Filter>TestAvifs</Filter>
    </Image>
    <Image Include="TestAvifs\Chimera-AV1-10bit-1280x720-2380kbps-100 - Copy (9).avif">
      <Filter>TestAvifs</Filter>
    </Image>
    <Image Include="TestAvifs\Chimera-AV1-10bit-1280x720-2380kbps-100 - Copy (10) - Copy - Copy - Copy.avif">
      <Filter>TestAvifs</Filter>
    </Image>
    <Image Include="TestAvifs\Chimera-AV1-10bit-1280x720-2380kbps-100 - Copy (10) - Copy - Copy.avif">
      <Filter>TestAvifs</Filter>
    </Image>
    <Image Include="TestAvifs\Chimera-AV1-10bit-1280x720-2380kbps-100 - Copy (10) - Copy.avif">
      <Filter>TestAvifs</Filter>
    </Image>
    <Image Include="TestAvifs\Chimera-AV1-10bit-1280x720-2380kbps-100 - Copy (11) - Copy - Copy - Copy.avif">
      <Filter>TestAvifs</Filter>
    </Image>
    <Image Include="TestAvifs\Chimera-AV1-10bit-1280x720-2380kbps-100 - Copy (11) - Copy - Copy.avif">
      <Filter>TestAvifs</Filter>
    </Image>
    <Image Include="TestAvifs\Chimera-AV1-10bit-1280x720-2380kbps-100 - Copy (11) - Copy.avif">
      <Filter>TestAvifs</Filter>
    </Image>
    <Image Include="TestAvifs\Chimera-AV1-10bit-1280x720-2380kbps-100 - Copy (12) - Copy - Copy - Copy.avif">
      <Filter>TestAvifs</Filter>
    </Image>
    <Image Include="TestAvifs\Chimera-AV1-10bit-1280x720-2380kbps-100 - Copy (12) - Copy - Copy.avif">
      <Filter>TestAvifs</Filter>
    </Image>
    <Image Include="TestAvifs\Chimera-AV1-10bit-1280x720-2380kbps-100 - Copy (12) - Copy.avif">
      <Filter>TestAvifs</Filter>
    </Image>
    <Image Include="TestAvifs\Chimera-AV1-10bit-1280x720-2380kbps-100 - Copy (13) - Copy - Copy - Copy.avif">
      <Filter>TestAvifs</Filter>
    </Image>
    <Image Include="TestAvifs\Chimera-AV1-10bit-1280x720-2380kbps-100 - Copy (13) - Copy - Copy.avif">
      <Filter>TestAvifs</Filter>
    </Image>
    <Image Include="TestAvifs\Chimera-AV1-10bit-1280x720-2380kbps-100 - Copy (13) - Copy.avif">
      <Filter>TestAvifs</Filter>
    </Image>
    <Image Include="TestAvifs\Chimera-AV1-10bit-1280x720-2380kbps-100 - Copy (14) - Copy - Copy.avif">
      <Filter>TestAvifs</Filter>
    </Image>
    <Image Include="TestAvifs\Chimera-AV1-10bit-1280x720-2380kbps-100 - Copy (14) - Copy.avif">
      <Filter>TestAvifs</Filter>
    </Image>
    <Image Include="TestAvifs\Chimera-AV1-10bit-1280x720-2380kbps-100 - Copy (15) - Copy - Copy.avif">
      <Filter>TestAvifs</Filter>
    </Image>
    <Image Include="TestAvifs\Chimera-AV1-10bit-1280x720-2380kbps-100 - Copy (15) - Copy.avif">
      <Filter>TestAvifs</Filter>
    </Image>
    <Image Include="TestAvifs\Chimera-AV1-10bit-1280x720-2380kbps-100 - Copy (16) - Copy - Copy.avif">
      <Filter>TestAvifs</Filter>
    </Image>
    <Image Include="TestAvifs\Chimera-AV1-10bit-1280x720-2380kbps-100 - Copy (16) - Copy.avif">
      <Filter>TestAvifs</Filter>
    </Image>
    <Image Include="TestAvifs\Chimera-AV1-10bit-1280x720-2380kbps-100 - Copy (17) - Copy - Copy.avif">
      <Filter>TestAvifs</Filter>
    </Image>
    <Image Include="TestAvifs\Chimera-AV1-10bit-1280x720-2380kbps-100 - Copy (17) - Copy.avif">
      <Filter>TestAvifs</Filter>
    </Image>
    <Image Include="TestAvifs\Chimera-AV1-10bit-1280x720-2380kbps-100 - Copy (18) - Copy - Copy.avif">
      <Filter>TestAvifs</Filter>
    </Image>
    <Image Include="TestAvifs\Chimera-AV1-10bit-1280x720-2380kbps-100 - Copy (18) - Copy.avif">
      <Filter>TestAvifs</Filter>
    </Image>
    <Image Include="TestAvifs\Chimera-AV1-10bit-1280x720-2380kbps-100 - Copy (19) - Copy - Copy.avif">
      <Filter>TestAvifs</Filter>
    </Image>
    <Image Include="TestAvifs\Chimera-AV1-10bit-1280x720-2380kbps-100 - Copy (19) - Copy.avif">
      <Filter>TestAvifs</Filter>
    </Image>
    <Image Include="TestAvifs\Chimera-AV1-10bit-1280x720-2380kbps-100 - Copy (20) - Copy - Copy.avif">
      <Filter>TestAvifs</Filter>
    </Image>
    <Image Include="TestAvifs\Chimera-AV1-10bit-1280x720-2380kbps-100 - Copy (20) - Copy.avif">
      <Filter>TestAvifs</Filter>
    </Image>
    <Image Include="TestAvifs\Chimera-AV1-10bit-1280x720-2380kbps-100 - Copy (21) - Copy - Copy.avif">
      <Filter>TestAvifs</Filter>
    </Image>
    <Image Include="TestAvifs\Chimera-AV1-10bit-1280x720-2380kbps-100 - Copy (21) - Copy.avif">
      <Filter>TestAvifs</Filter>
    </Image>
    <Image Include="TestAvifs\Chimera-AV1-10bit-1280x720-2380kbps-100 - Copy (22) - Copy - Copy.avif">
      <Filter>TestAvifs</Filter>
    </Image>
    <Image Include="TestAvifs\Chimera-AV1-10bit-1280x720-2380kbps-100 - Copy (22) - Copy.avif">
      <Filter>TestAvifs</Filter>
    </Image>
    <Image Include="TestAvifs\Chimera-AV1-10bit-1280x720-2380kbps-100 - Copy (23) - Copy - Copy.avif">
      <Filter>TestAvifs</Filter>
    </Image>
    <Image Include="TestAvifs\Chimera-AV1-10bit-1280x720-2380kbps-100 - Copy (23) - Copy.avif">
      <Filter>TestAvifs</Filter>
    </Image>
    <Image Include="TestAvifs\Chimera-AV1-10bit-1280x720-2380kbps-100 - Copy (24) - Copy - Copy.avif">
      <Filter>TestAvifs</Filter>
    </Image>
    <Image Include="TestAvifs\Chimera-AV1-10bit-1280x720-2380kbps-100 - Copy (24) - Copy.avif">
      <Filter>TestAvifs</Filter>
    </Image>
    <Image Include="TestAvifs\Chimera-AV1-10bit-1280x720-2380kbps-100 - Copy (25) - Copy - Copy.avif">
      <Filter>TestAvifs</Filter>
    </Image>
    <Image Include="TestAvifs\Chimera-AV1-10bit-1280x720-2380kbps-100 - Copy (25) - Copy.avif">
      <Filter>TestAvifs</Filter>
    </Image>
    <Image Include="TestAvifs\Chimera-AV1-10bit-1280x720-2380kbps-100 - Copy (26) - Copy - Copy.avif">
      <Filter>TestAvifs</Filter>
    </Image>
    <Image Include="TestAvifs\Chimera-AV1-10bit-1280x720-2380kbps-100 - Copy (26) - Copy.avif">
      <Filter>TestAvifs</Filter>
    </Image>
    <Image Include="TestAvifs\Chimera-AV1-10bit-1280x720-2380kbps-100 - Copy (27) - Copy - Copy.avif">
      <Filter>TestAvifs</Filter>
    </Image>
    <Image Include="TestAvifs\Chimera-AV1-10bit-1280x720-2380kbps-100 - Copy (27) - Copy.avif">
      <Filter>TestAvifs</Filter>
    </Image>
    <Image Include="TestAvifs\Chimera-AV1-10bit-1280x720-2380kbps-100 - Copy (28) - Copy - Copy.avif">
      <Filter>TestAvifs</Filter>
    </Image>
    <Image Include="TestAvifs\Chimera-AV1-10bit-1280x720-2380kbps-100 - Copy (29) - Copy - Copy.avif">
      <Filter>TestAvifs</Filter>
    </Image>
    <Image Include="TestAvifs\Chimera-AV1-10bit-1280x720-2380kbps-100 - Copy (30) - Copy - Copy.avif">
      <Filter>TestAvifs</Filter>
    </Image>
    <Image Include="TestAvifs\Chimera-AV1-10bit-1280x720-2380kbps-100 - Copy (31) - Copy - Copy.avif">
      <Filter>TestAvifs</Filter>
    </Image>
    <Image Include="TestAvifs\Chimera-AV1-10bit-1280x720-2380kbps-100 - Copy (32) - Copy - Copy.avif">
      <Filter>TestAvifs</Filter>
    </Image>
    <Image Include="TestAvifs\Chimera-AV1-10bit-1280x720-2380kbps-100 - Copy.avif">
      <Filter>TestAvifs</Filter>
    </Image>
    <Image Include="TestAvifs\Chimera-AV1-10bit-1280x720-2380kbps-100.avif">
      <Filter>TestAvifs</Filter>
    </Image>
  </ItemGroup>
  <ItemGroup>
    <Filter Include="Assets">
      <UniqueIdentifier>{de0f257a-1bc4-4258-86db-22debc4a388a}</UniqueIdentifier>
    </Filter>
    <Filter Include="TestNonHeics">
      <UniqueIdentifier>{17799324-14a0-4b6d-98d5-23fa377a3c10}</UniqueIdentifier>
    </Filter>
    <Filter Include="TestHeics">
      <UniqueIdentifier>{1e71ff5a-eba0-4050-ab4e-0cbde9c63699}</UniqueIdentifier>
    </Filter>
    <Filter Include="TestAvifs">
      <UniqueIdentifier>{36235264-4dcc-48af-a335-f74bb9bc87ba}</UniqueIdentifier>
    </Filter>
  </ItemGroup>
  <ItemGroup>
    <Text Include="readme.txt" />
  </ItemGroup>
  <ItemGroup>
    <Manifest Include="app.manifest" />
  </ItemGroup>
  <ItemGroup>
    <AppxManifest Include="Package.appxmanifest" />
  </ItemGroup>
  <ItemGroup>
    <None Include="packages.config" />
  </ItemGroup>
  <ItemGroup>
    <Natvis Include="$(MSBuildThisFileDirectory)..\..\natvis\wil.natvis" />
  </ItemGroup>
</Project>